
Microsoft Visual Studio Solution File, Format Version 12.00
# Visual Studio 2012
Project("{FAE04EC0-301F-11D3-BF4B-00C04F79EFBC}") = "Tankstelle", "Tankstelle\Tankstelle.csproj", "{A460B422-043B-4DBE-82E1-A94A6876BFB4}"
EndProject
Project("{9344BDBB-3E7F-41FC-A0DD-8665D75EE146}") = "Pakete", "Pakete.mdproj", "{7FB23FE5-AB36-4BB0-9D7F-AD348A758032}"
EndProject
Global
	GlobalSection(SolutionConfigurationPlatforms) = preSolution
		Debug|Any CPU = Debug|Any CPU
		Release|Any CPU = Release|Any CPU
	EndGlobalSection
	GlobalSection(ProjectConfigurationPlatforms) = postSolution
		{7FB23FE5-AB36-4BB0-9D7F-AD348A758032}.Debug|Any CPU.ActiveCfg = Debug|Any CPU
		{7FB23FE5-AB36-4BB0-9D7F-AD348A758032}.Release|Any CPU.ActiveCfg = Release|Any CPU
		{A460B422-043B-4DBE-82E1-A94A6876BFB4}.Debug|Any CPU.ActiveCfg = Debug|Any CPU
		{A460B422-043B-4DBE-82E1-A94A6876BFB4}.Debug|Any CPU.Build.0 = Debug|Any CPU
		{A460B422-043B-4DBE-82E1-A94A6876BFB4}.Release|Any CPU.ActiveCfg = Release|Any CPU
		{A460B422-043B-4DBE-82E1-A94A6876BFB4}.Release|Any CPU.Build.0 = Release|Any CPU
	EndGlobalSection
	GlobalSection(MonoDevelopProperties) = preSolution
		StartupItem = Tankstelle\Tankstelle.csproj
	EndGlobalSection
	GlobalSection(SolutionProperties) = preSolution
		HideSolutionNode = FALSE
	EndGlobalSection
EndGlobal
